
Microsoft Visual Studio Solution File, Format Version 12.00
# Visual Studio Version 17
VisualStudioVersion = 17.13.35806.99 d17.13
MinimumVisualStudioVersion = 10.0.40219.1
Project("{FAE04EC0-301F-11D3-BF4B-00C04F79EFBC}") = "Prueba", "Prueba\Prueba.csproj", "{CAF32F1A-ACF1-4B03-A9FE-FEB160FDCBFF}"
EndProject
Global
	GlobalSection(SolutionConfigurationPlatforms) = preSolution
		Debug|Any CPU = Debug|Any CPU
		Release|Any CPU = Release|Any CPU
	EndGlobalSection
	GlobalSection(ProjectConfigurationPlatforms) = postSolution
		{CAF32F1A-ACF1-4B03-A9FE-FEB160FDCBFF}.Debug|Any CPU.ActiveCfg = Debug|Any CPU
		{CAF32F1A-ACF1-4B03-A9FE-FEB160FDCBFF}.Debug|Any CPU.Build.0 = Debug|Any CPU
		{CAF32F1A-ACF1-4B03-A9FE-FEB160FDCBFF}.Release|Any CPU.ActiveCfg = Release|Any CPU
		{CAF32F1A-ACF1-4B03-A9FE-FEB160FDCBFF}.Release|Any CPU.Build.0 = Release|Any CPU
	EndGlobalSection
	GlobalSection(SolutionProperties) = preSolution
		HideSolutionNode = FALSE
	EndGlobalSection
	GlobalSection(ExtensibilityGlobals) = postSolution
		SolutionGuid = {6554E36A-25AE-423F-ACF3-B602461EB577}
	EndGlobalSection
EndGlobal
